
Microsoft Visual Studio Solution File, Format Version 11.00
# Visual Studio 2010
Project("{FAE04EC0-301F-11D3-BF4B-00C04F79EFBC}") = "MonoDroid", "MonoDroid\MonoDroid.csproj", "{DD847EED-DB0E-4525-9209-B856F494E6C6}"
EndProject
Global
	GlobalSection(SolutionConfigurationPlatforms) = preSolution
		Debug|Any CPU = Debug|Any CPU
		Release|Any CPU = Release|Any CPU
	EndGlobalSection
	GlobalSection(ProjectConfigurationPlatforms) = postSolution
		{DD847EED-DB0E-4525-9209-B856F494E6C6}.Debug|Any CPU.ActiveCfg = Debug|Any CPU
		{DD847EED-DB0E-4525-9209-B856F494E6C6}.Debug|Any CPU.Build.0 = Debug|Any CPU
		{DD847EED-DB0E-4525-9209-B856F494E6C6}.Release|Any CPU.ActiveCfg = Release|Any CPU
		{DD847EED-DB0E-4525-9209-B856F494E6C6}.Release|Any CPU.Build.0 = Release|Any CPU
	EndGlobalSection
	GlobalSection(MonoDevelopProperties) = preSolution
		StartupItem = MonoDroid\MonoDroid.csproj
	EndGlobalSection
EndGlobal
